{
  "object": {
    "pins": [
      {
        "package": "Changeset",
        "repositoryURL": "https://github.com/rozd/Changeset.git",
        "state": {
          "branch": "master",
          "revision": "9cf552eba8e077fb4b488c540bfcb0f997db048b",
          "version": null
        }
      }
    ]
  },
  "version": 1
}
