{
  "object": {
    "pins": [
      {
        "package": "Changeset",
        "repositoryURL": "https://github.com/rozd/Changeset.git",
        "state": {
          "branch": "swift-5",
          "revision": "de5819c099da4644ee7b68e36931ddb49a21be5c",
          "version": null
        }
      }
    ]
  },
  "version": 1
}
