// !$*UTF8*$!
{
	archiveVersion = 1;
	classes = {
	};
	objectVersion = 52;
	objects = {

/* Begin PBXBuildFile section */
		302CC8BDF2F6C1E9055C8749 /* Pods_Financestruck.framework in Frameworks */ = {isa = PBXBuildFile; fileRef = 23E6B115C075F8AECC37419A /* Pods_Financestruck.framework */; };
		505FE15D23809C8B009C0566 /* Household.swift in Sources */ = {isa = PBXBuildFile; fileRef = 505FE15C23809C8B009C0566 /* Household.swift */; };
		505FE15F23809CAA009C0566 /* Expense.swift in Sources */ = {isa = PBXBuildFile; fileRef = 505FE15E23809CAA009C0566 /* Expense.swift */; };
		505FE16123809CBD009C0566 /* Income.swift in Sources */ = {isa = PBXBuildFile; fileRef = 505FE16023809CBD009C0566 /* Income.swift */; };
		505FE16323809CCD009C0566 /* Transaction.swift in Sources */ = {isa = PBXBuildFile; fileRef = 505FE16223809CCD009C0566 /* Transaction.swift */; };
		505FE16523809D0B009C0566 /* Amount.swift in Sources */ = {isa = PBXBuildFile; fileRef = 505FE16423809D0B009C0566 /* Amount.swift */; };
		505FE16723809D26009C0566 /* Currency.swift in Sources */ = {isa = PBXBuildFile; fileRef = 505FE16623809D26009C0566 /* Currency.swift */; };
		505FE1A12380B27C009C0566 /* Households.swift in Sources */ = {isa = PBXBuildFile; fileRef = 505FE1A02380B27C009C0566 /* Households.swift */; };
		505FE1A32380B28E009C0566 /* HouseholdsViewModel.swift in Sources */ = {isa = PBXBuildFile; fileRef = 505FE1A22380B28E009C0566 /* HouseholdsViewModel.swift */; };
		505FE1A62380B2B5009C0566 /* HouseholdsViewController.swift in Sources */ = {isa = PBXBuildFile; fileRef = 505FE1A52380B2B5009C0566 /* HouseholdsViewController.swift */; };
		505FE1A82380B2D9009C0566 /* Households.storyboard in Resources */ = {isa = PBXBuildFile; fileRef = 505FE1A72380B2D9009C0566 /* Households.storyboard */; };
		505FE1AA2380B2E8009C0566 /* HouseholdsWireframe.swift in Sources */ = {isa = PBXBuildFile; fileRef = 505FE1A92380B2E8009C0566 /* HouseholdsWireframe.swift */; };
		505FE1AC2380B3A0009C0566 /* HouseholdsService.swift in Sources */ = {isa = PBXBuildFile; fileRef = 505FE1AB2380B3A0009C0566 /* HouseholdsService.swift */; };
		505FE1AF2380B3CC009C0566 /* FirebaseFirestoreService.swift in Sources */ = {isa = PBXBuildFile; fileRef = 505FE1AE2380B3CC009C0566 /* FirebaseFirestoreService.swift */; };
		505FE1B22380B765009C0566 /* Firebase+ReactiveSwift.swift in Sources */ = {isa = PBXBuildFile; fileRef = 505FE1B12380B765009C0566 /* Firebase+ReactiveSwift.swift */; };
		505FE1B52381605A009C0566 /* HouseholdTableViewCell.swift in Sources */ = {isa = PBXBuildFile; fileRef = 505FE1B32381605A009C0566 /* HouseholdTableViewCell.swift */; };
		505FE1B62381605A009C0566 /* HouseholdTableViewCell.xib in Resources */ = {isa = PBXBuildFile; fileRef = 505FE1B42381605A009C0566 /* HouseholdTableViewCell.xib */; };
		505FE1B82381BC07009C0566 /* Current+User+Reactive.swift in Sources */ = {isa = PBXBuildFile; fileRef = 505FE1B72381BC07009C0566 /* Current+User+Reactive.swift */; };
		505FE1BA2381CDFB009C0566 /* HouseholdViewController.swift in Sources */ = {isa = PBXBuildFile; fileRef = 505FE1B92381CDFB009C0566 /* HouseholdViewController.swift */; };
		505FE1BC2381CE26009C0566 /* HouseholdViewModel.swift in Sources */ = {isa = PBXBuildFile; fileRef = 505FE1BB2381CE26009C0566 /* HouseholdViewModel.swift */; };
		505FE1BF2381D055009C0566 /* Foundation+Extensions.swift in Sources */ = {isa = PBXBuildFile; fileRef = 505FE1BE2381D055009C0566 /* Foundation+Extensions.swift */; };
		505FE1C12381D156009C0566 /* MonthlyBundget.swift in Sources */ = {isa = PBXBuildFile; fileRef = 505FE1C02381D156009C0566 /* MonthlyBundget.swift */; };
		505FE1C32381D15F009C0566 /* Budget.swift in Sources */ = {isa = PBXBuildFile; fileRef = 505FE1C22381D15F009C0566 /* Budget.swift */; };
		505FE1C62382B542009C0566 /* FirebaseFirestoreSerialization.swift in Sources */ = {isa = PBXBuildFile; fileRef = 505FE1C52382B542009C0566 /* FirebaseFirestoreSerialization.swift */; };
		505FE1C82382BB6D009C0566 /* ReactiveSwift+Extensions.swift in Sources */ = {isa = PBXBuildFile; fileRef = 505FE1C72382BB6D009C0566 /* ReactiveSwift+Extensions.swift */; };
		505FE1CA2382CFB4009C0566 /* MonthlyBudgetTableViewCell.swift in Sources */ = {isa = PBXBuildFile; fileRef = 505FE1C92382CFB3009C0566 /* MonthlyBudgetTableViewCell.swift */; };
		505FE1D32384943D009C0566 /* Budgets.storyboard in Resources */ = {isa = PBXBuildFile; fileRef = 505FE1D22384943C009C0566 /* Budgets.storyboard */; };
		505FE1D52384944A009C0566 /* BudgetsWireframe.swift in Sources */ = {isa = PBXBuildFile; fileRef = 505FE1D42384944A009C0566 /* BudgetsWireframe.swift */; };
		505FE1D7238494B0009C0566 /* BudgetsService.swift in Sources */ = {isa = PBXBuildFile; fileRef = 505FE1D6238494B0009C0566 /* BudgetsService.swift */; };
		505FE1D9238496CD009C0566 /* Budgets.swift in Sources */ = {isa = PBXBuildFile; fileRef = 505FE1D8238496CC009C0566 /* Budgets.swift */; };
		505FE1DB23849724009C0566 /* MonthlyBudgetViewModel.swift in Sources */ = {isa = PBXBuildFile; fileRef = 505FE1DA23849724009C0566 /* MonthlyBudgetViewModel.swift */; };
		505FE1DD238499D9009C0566 /* MonthlyBudgetViewController.swift in Sources */ = {isa = PBXBuildFile; fileRef = 505FE1DC238499D9009C0566 /* MonthlyBudgetViewController.swift */; };
		505FE1DF23855298009C0566 /* NewTransactionViewController.swift in Sources */ = {isa = PBXBuildFile; fileRef = 505FE1DE23855298009C0566 /* NewTransactionViewController.swift */; };
		505FE1E1238552B0009C0566 /* NewTransactionViewModel.swift in Sources */ = {isa = PBXBuildFile; fileRef = 505FE1E0238552B0009C0566 /* NewTransactionViewModel.swift */; };
		505FE1E323855D63009C0566 /* Category.swift in Sources */ = {isa = PBXBuildFile; fileRef = 505FE1E223855D62009C0566 /* Category.swift */; };
		505FE1E723859296009C0566 /* DatePickerTableViewCell.swift in Sources */ = {isa = PBXBuildFile; fileRef = 505FE1E523859296009C0566 /* DatePickerTableViewCell.swift */; };
		505FE1E823859296009C0566 /* DatePickerTableViewCell.xib in Resources */ = {isa = PBXBuildFile; fileRef = 505FE1E623859296009C0566 /* DatePickerTableViewCell.xib */; };
		50AC124423893A28008B69F7 /* TextFieldTableViewCell.swift in Sources */ = {isa = PBXBuildFile; fileRef = 50AC124223893A28008B69F7 /* TextFieldTableViewCell.swift */; };
		50AC124523893A28008B69F7 /* TextFieldTableViewCell.xib in Resources */ = {isa = PBXBuildFile; fileRef = 50AC124323893A28008B69F7 /* TextFieldTableViewCell.xib */; };
		50AC1248238946AA008B69F7 /* UIKit+TableStructure.swift in Sources */ = {isa = PBXBuildFile; fileRef = 50AC1247238946AA008B69F7 /* UIKit+TableStructure.swift */; };
		50AC124B23894952008B69F7 /* TransactionTableStructure.swift in Sources */ = {isa = PBXBuildFile; fileRef = 50AC124A23894952008B69F7 /* TransactionTableStructure.swift */; };
		50AC1258238A8C74008B69F7 /* Changeset in Frameworks */ = {isa = PBXBuildFile; productRef = 50AC1257238A8C74008B69F7 /* Changeset */; };
		50CD2100237AF0ED0084DFDC /* AppDelegate.swift in Sources */ = {isa = PBXBuildFile; fileRef = 50CD20FF237AF0ED0084DFDC /* AppDelegate.swift */; };
		50CD2104237AF0ED0084DFDC /* ViewController.swift in Sources */ = {isa = PBXBuildFile; fileRef = 50CD2103237AF0ED0084DFDC /* ViewController.swift */; };
		50CD2107237AF0ED0084DFDC /* Main.storyboard in Resources */ = {isa = PBXBuildFile; fileRef = 50CD2105237AF0ED0084DFDC /* Main.storyboard */; };
		50CD2109237AF0F10084DFDC /* Assets.xcassets in Resources */ = {isa = PBXBuildFile; fileRef = 50CD2108237AF0F10084DFDC /* Assets.xcassets */; };
		50CD210C237AF0F10084DFDC /* LaunchScreen.storyboard in Resources */ = {isa = PBXBuildFile; fileRef = 50CD210A237AF0F10084DFDC /* LaunchScreen.storyboard */; };
		50CD2114237AF1560084DFDC /* GoogleService-Info.plist in Resources */ = {isa = PBXBuildFile; fileRef = 50CD2113237AF1560084DFDC /* GoogleService-Info.plist */; };
		50CD2120237B09EE0084DFDC /* AuthWireframe.swift in Sources */ = {isa = PBXBuildFile; fileRef = 50CD211F237B09EE0084DFDC /* AuthWireframe.swift */; };
		50CD2122237B0A3E0084DFDC /* Auth.storyboard in Resources */ = {isa = PBXBuildFile; fileRef = 50CD2121237B0A3E0084DFDC /* Auth.storyboard */; };
		50CD2124237B0AAF0084DFDC /* SignInWithEmailViewController.swift in Sources */ = {isa = PBXBuildFile; fileRef = 50CD2123237B0AAF0084DFDC /* SignInWithEmailViewController.swift */; };
		50CD2129237B0BDA0084DFDC /* MainCoordinator.swift in Sources */ = {isa = PBXBuildFile; fileRef = 50CD2128237B0BDA0084DFDC /* MainCoordinator.swift */; };
		50CD212A237B0C1F0084DFDC /* Coordinator.swift in Sources */ = {isa = PBXBuildFile; fileRef = 50CD2127237B0BBC0084DFDC /* Coordinator.swift */; };
		50CD212B237B0C1F0084DFDC /* Segues.swift in Sources */ = {isa = PBXBuildFile; fileRef = 50CD2126237B0BBC0084DFDC /* Segues.swift */; };
		50CD2130237B0C560084DFDC /* MainViewModel.swift in Sources */ = {isa = PBXBuildFile; fileRef = 50CD212F237B0C560084DFDC /* MainViewModel.swift */; };
		50CD2132237B0C710084DFDC /* AuthViewModel.swift in Sources */ = {isa = PBXBuildFile; fileRef = 50CD2131237B0C710084DFDC /* AuthViewModel.swift */; };
		50CD2135237B0CE20084DFDC /* Current.swift in Sources */ = {isa = PBXBuildFile; fileRef = 50CD2134237B0CE20084DFDC /* Current.swift */; };
		50CD2137237B0CF50084DFDC /* Current+User.swift in Sources */ = {isa = PBXBuildFile; fileRef = 50CD2136237B0CF50084DFDC /* Current+User.swift */; };
		50CD2139237B0D1B0084DFDC /* AuthService.swift in Sources */ = {isa = PBXBuildFile; fileRef = 50CD2138237B0D1B0084DFDC /* AuthService.swift */; };
		50CD213C237B0D490084DFDC /* Context.swift in Sources */ = {isa = PBXBuildFile; fileRef = 50CD213B237B0D490084DFDC /* Context.swift */; };
		50CD213E237B3FFC0084DFDC /* AuthCoordinator.swift in Sources */ = {isa = PBXBuildFile; fileRef = 50CD213D237B3FFC0084DFDC /* AuthCoordinator.swift */; };
		50CD2140237B406A0084DFDC /* SignInWithEmailViewModel.swift in Sources */ = {isa = PBXBuildFile; fileRef = 50CD213F237B406A0084DFDC /* SignInWithEmailViewModel.swift */; };
		50CD2144237D5BC40084DFDC /* AuthViewController.swift in Sources */ = {isa = PBXBuildFile; fileRef = 50CD2143237D5BC40084DFDC /* AuthViewController.swift */; };
		50CD2145237D5BC40084DFDC /* AuthSignInViewController.swift in Sources */ = {isa = PBXBuildFile; fileRef = 50CD2142237D5BC40084DFDC /* AuthSignInViewController.swift */; };
		50CD2146237D5BC40084DFDC /* AuthSignUpViewController.swift in Sources */ = {isa = PBXBuildFile; fileRef = 50CD2141237D5BC40084DFDC /* AuthSignUpViewController.swift */; };
		50CD214A237D5BE10084DFDC /* AuthSignUpViewModel.swift in Sources */ = {isa = PBXBuildFile; fileRef = 50CD2148237D5BE10084DFDC /* AuthSignUpViewModel.swift */; };
		50CD214C237D5BE10084DFDC /* AuthSignInViewModel.swift in Sources */ = {isa = PBXBuildFile; fileRef = 50CD2149237D5BE10084DFDC /* AuthSignInViewModel.swift */; };
		50CD2150237D76830084DFDC /* SignInForm.swift in Sources */ = {isa = PBXBuildFile; fileRef = 50CD214E237D767C0084DFDC /* SignInForm.swift */; };
		50CD2151237D76830084DFDC /* SignUpForm.swift in Sources */ = {isa = PBXBuildFile; fileRef = 50CD214F237D767C0084DFDC /* SignUpForm.swift */; };
		50CD2155237D790B0084DFDC /* NSError+Error.swift in Sources */ = {isa = PBXBuildFile; fileRef = 50CD2152237D78A60084DFDC /* NSError+Error.swift */; };
		50CD2156237D790B0084DFDC /* UIColor+Extensions.swift in Sources */ = {isa = PBXBuildFile; fileRef = 50CD2153237D78A70084DFDC /* UIColor+Extensions.swift */; };
		50CD2158237DCF9F0084DFDC /* UIKit+Extensions.swift in Sources */ = {isa = PBXBuildFile; fileRef = 50CD2157237DCF9F0084DFDC /* UIKit+Extensions.swift */; };
		50CD215B237DDA5F0084DFDC /* KeyboardLayoutConstraint.swift in Sources */ = {isa = PBXBuildFile; fileRef = 50CD215A237DDA5F0084DFDC /* KeyboardLayoutConstraint.swift */; };
		50CD2163237DEF600084DFDC /* Home.storyboard in Resources */ = {isa = PBXBuildFile; fileRef = 50CD2162237DEF600084DFDC /* Home.storyboard */; };
		50CD2165237DEF790084DFDC /* HomeViewController.swift in Sources */ = {isa = PBXBuildFile; fileRef = 50CD2164237DEF790084DFDC /* HomeViewController.swift */; };
		50CD2167237DEF960084DFDC /* HomeCoordinator.swift in Sources */ = {isa = PBXBuildFile; fileRef = 50CD2166237DEF960084DFDC /* HomeCoordinator.swift */; };
		50CD2169237DEFA20084DFDC /* HomeWireframe.swift in Sources */ = {isa = PBXBuildFile; fileRef = 50CD2168237DEFA20084DFDC /* HomeWireframe.swift */; };
		50CD216B237DF0180084DFDC /* HomeViewModel.swift in Sources */ = {isa = PBXBuildFile; fileRef = 50CD216A237DF0180084DFDC /* HomeViewModel.swift */; };
/* End PBXBuildFile section */

/* Begin PBXFileReference section */
		23E6B115C075F8AECC37419A /* Pods_Financestruck.framework */ = {isa = PBXFileReference; explicitFileType = wrapper.framework; includeInIndex = 0; path = Pods_Financestruck.framework; sourceTree = BUILT_PRODUCTS_DIR; };
		505FE15C23809C8B009C0566 /* Household.swift */ = {isa = PBXFileReference; lastKnownFileType = sourcecode.swift; path = Household.swift; sourceTree = "<group>"; };
		505FE15E23809CAA009C0566 /* Expense.swift */ = {isa = PBXFileReference; lastKnownFileType = sourcecode.swift; path = Expense.swift; sourceTree = "<group>"; };
		505FE16023809CBD009C0566 /* Income.swift */ = {isa = PBXFileReference; lastKnownFileType = sourcecode.swift; path = Income.swift; sourceTree = "<group>"; };
		505FE16223809CCD009C0566 /* Transaction.swift */ = {isa = PBXFileReference; lastKnownFileType = sourcecode.swift; path = Transaction.swift; sourceTree = "<group>"; };
		505FE16423809D0B009C0566 /* Amount.swift */ = {isa = PBXFileReference; lastKnownFileType = sourcecode.swift; path = Amount.swift; sourceTree = "<group>"; };
		505FE16623809D26009C0566 /* Currency.swift */ = {isa = PBXFileReference; lastKnownFileType = sourcecode.swift; path = Currency.swift; sourceTree = "<group>"; };
		505FE1A02380B27C009C0566 /* Households.swift */ = {isa = PBXFileReference; lastKnownFileType = sourcecode.swift; path = Households.swift; sourceTree = "<group>"; };
		505FE1A22380B28E009C0566 /* HouseholdsViewModel.swift */ = {isa = PBXFileReference; lastKnownFileType = sourcecode.swift; path = HouseholdsViewModel.swift; sourceTree = "<group>"; };
		505FE1A52380B2B5009C0566 /* HouseholdsViewController.swift */ = {isa = PBXFileReference; lastKnownFileType = sourcecode.swift; path = HouseholdsViewController.swift; sourceTree = "<group>"; };
		505FE1A72380B2D9009C0566 /* Households.storyboard */ = {isa = PBXFileReference; lastKnownFileType = file.storyboard; path = Households.storyboard; sourceTree = "<group>"; };
		505FE1A92380B2E8009C0566 /* HouseholdsWireframe.swift */ = {isa = PBXFileReference; lastKnownFileType = sourcecode.swift; path = HouseholdsWireframe.swift; sourceTree = "<group>"; };
		505FE1AB2380B3A0009C0566 /* HouseholdsService.swift */ = {isa = PBXFileReference; lastKnownFileType = sourcecode.swift; path = HouseholdsService.swift; sourceTree = "<group>"; };
		505FE1AE2380B3CC009C0566 /* FirebaseFirestoreService.swift */ = {isa = PBXFileReference; lastKnownFileType = sourcecode.swift; path = FirebaseFirestoreService.swift; sourceTree = "<group>"; };
		505FE1B12380B765009C0566 /* Firebase+ReactiveSwift.swift */ = {isa = PBXFileReference; lastKnownFileType = sourcecode.swift; path = "Firebase+ReactiveSwift.swift"; sourceTree = "<group>"; };
		505FE1B32381605A009C0566 /* HouseholdTableViewCell.swift */ = {isa = PBXFileReference; lastKnownFileType = sourcecode.swift; path = HouseholdTableViewCell.swift; sourceTree = "<group>"; };
		505FE1B42381605A009C0566 /* HouseholdTableViewCell.xib */ = {isa = PBXFileReference; lastKnownFileType = file.xib; path = HouseholdTableViewCell.xib; sourceTree = "<group>"; };
		505FE1B72381BC07009C0566 /* Current+User+Reactive.swift */ = {isa = PBXFileReference; lastKnownFileType = sourcecode.swift; path = "Current+User+Reactive.swift"; sourceTree = "<group>"; };
		505FE1B92381CDFB009C0566 /* HouseholdViewController.swift */ = {isa = PBXFileReference; lastKnownFileType = sourcecode.swift; path = HouseholdViewController.swift; sourceTree = "<group>"; };
		505FE1BB2381CE26009C0566 /* HouseholdViewModel.swift */ = {isa = PBXFileReference; lastKnownFileType = sourcecode.swift; path = HouseholdViewModel.swift; sourceTree = "<group>"; };
		505FE1BE2381D055009C0566 /* Foundation+Extensions.swift */ = {isa = PBXFileReference; lastKnownFileType = sourcecode.swift; path = "Foundation+Extensions.swift"; sourceTree = "<group>"; };
		505FE1C02381D156009C0566 /* MonthlyBundget.swift */ = {isa = PBXFileReference; lastKnownFileType = sourcecode.swift; path = MonthlyBundget.swift; sourceTree = "<group>"; };
		505FE1C22381D15F009C0566 /* Budget.swift */ = {isa = PBXFileReference; lastKnownFileType = sourcecode.swift; path = Budget.swift; sourceTree = "<group>"; };
		505FE1C52382B542009C0566 /* FirebaseFirestoreSerialization.swift */ = {isa = PBXFileReference; lastKnownFileType = sourcecode.swift; path = FirebaseFirestoreSerialization.swift; sourceTree = "<group>"; };
		505FE1C72382BB6D009C0566 /* ReactiveSwift+Extensions.swift */ = {isa = PBXFileReference; lastKnownFileType = sourcecode.swift; path = "ReactiveSwift+Extensions.swift"; sourceTree = "<group>"; };
		505FE1C92382CFB3009C0566 /* MonthlyBudgetTableViewCell.swift */ = {isa = PBXFileReference; lastKnownFileType = sourcecode.swift; path = MonthlyBudgetTableViewCell.swift; sourceTree = "<group>"; };
		505FE1D22384943C009C0566 /* Budgets.storyboard */ = {isa = PBXFileReference; lastKnownFileType = file.storyboard; path = Budgets.storyboard; sourceTree = "<group>"; };
		505FE1D42384944A009C0566 /* BudgetsWireframe.swift */ = {isa = PBXFileReference; lastKnownFileType = sourcecode.swift; path = BudgetsWireframe.swift; sourceTree = "<group>"; };
		505FE1D6238494B0009C0566 /* BudgetsService.swift */ = {isa = PBXFileReference; lastKnownFileType = sourcecode.swift; path = BudgetsService.swift; sourceTree = "<group>"; };
		505FE1D8238496CC009C0566 /* Budgets.swift */ = {isa = PBXFileReference; fileEncoding = 4; lastKnownFileType = sourcecode.swift; path = Budgets.swift; sourceTree = "<group>"; };
		505FE1DA23849724009C0566 /* MonthlyBudgetViewModel.swift */ = {isa = PBXFileReference; lastKnownFileType = sourcecode.swift; path = MonthlyBudgetViewModel.swift; sourceTree = "<group>"; };
		505FE1DC238499D9009C0566 /* MonthlyBudgetViewController.swift */ = {isa = PBXFileReference; lastKnownFileType = sourcecode.swift; path = MonthlyBudgetViewController.swift; sourceTree = "<group>"; };
		505FE1DE23855298009C0566 /* NewTransactionViewController.swift */ = {isa = PBXFileReference; lastKnownFileType = sourcecode.swift; path = NewTransactionViewController.swift; sourceTree = "<group>"; };
		505FE1E0238552B0009C0566 /* NewTransactionViewModel.swift */ = {isa = PBXFileReference; lastKnownFileType = sourcecode.swift; path = NewTransactionViewModel.swift; sourceTree = "<group>"; };
		505FE1E223855D62009C0566 /* Category.swift */ = {isa = PBXFileReference; lastKnownFileType = sourcecode.swift; path = Category.swift; sourceTree = "<group>"; };
		505FE1E523859296009C0566 /* DatePickerTableViewCell.swift */ = {isa = PBXFileReference; lastKnownFileType = sourcecode.swift; path = DatePickerTableViewCell.swift; sourceTree = "<group>"; };
		505FE1E623859296009C0566 /* DatePickerTableViewCell.xib */ = {isa = PBXFileReference; lastKnownFileType = file.xib; path = DatePickerTableViewCell.xib; sourceTree = "<group>"; };
		50AC124223893A28008B69F7 /* TextFieldTableViewCell.swift */ = {isa = PBXFileReference; lastKnownFileType = sourcecode.swift; path = TextFieldTableViewCell.swift; sourceTree = "<group>"; };
		50AC124323893A28008B69F7 /* TextFieldTableViewCell.xib */ = {isa = PBXFileReference; lastKnownFileType = file.xib; path = TextFieldTableViewCell.xib; sourceTree = "<group>"; };
		50AC1247238946AA008B69F7 /* UIKit+TableStructure.swift */ = {isa = PBXFileReference; lastKnownFileType = sourcecode.swift; path = "UIKit+TableStructure.swift"; sourceTree = "<group>"; };
		50AC124A23894952008B69F7 /* TransactionTableStructure.swift */ = {isa = PBXFileReference; lastKnownFileType = sourcecode.swift; path = TransactionTableStructure.swift; sourceTree = "<group>"; };
		50CD20FC237AF0ED0084DFDC /* Financestruck.app */ = {isa = PBXFileReference; explicitFileType = wrapper.application; includeInIndex = 0; path = Financestruck.app; sourceTree = BUILT_PRODUCTS_DIR; };
		50CD20FF237AF0ED0084DFDC /* AppDelegate.swift */ = {isa = PBXFileReference; lastKnownFileType = sourcecode.swift; path = AppDelegate.swift; sourceTree = "<group>"; };
		50CD2103237AF0ED0084DFDC /* ViewController.swift */ = {isa = PBXFileReference; lastKnownFileType = sourcecode.swift; path = ViewController.swift; sourceTree = "<group>"; };
		50CD2106237AF0ED0084DFDC /* Base */ = {isa = PBXFileReference; lastKnownFileType = file.storyboard; name = Base; path = Base.lproj/Main.storyboard; sourceTree = "<group>"; };
		50CD2108237AF0F10084DFDC /* Assets.xcassets */ = {isa = PBXFileReference; lastKnownFileType = folder.assetcatalog; path = Assets.xcassets; sourceTree = "<group>"; };
		50CD210B237AF0F10084DFDC /* Base */ = {isa = PBXFileReference; lastKnownFileType = file.storyboard; name = Base; path = Base.lproj/LaunchScreen.storyboard; sourceTree = "<group>"; };
		50CD210D237AF0F10084DFDC /* Info.plist */ = {isa = PBXFileReference; lastKnownFileType = text.plist.xml; path = Info.plist; sourceTree = "<group>"; };
		50CD2113237AF1560084DFDC /* GoogleService-Info.plist */ = {isa = PBXFileReference; fileEncoding = 4; lastKnownFileType = text.plist.xml; path = "GoogleService-Info.plist"; sourceTree = "<group>"; };
		50CD211F237B09EE0084DFDC /* AuthWireframe.swift */ = {isa = PBXFileReference; lastKnownFileType = sourcecode.swift; path = AuthWireframe.swift; sourceTree = "<group>"; };
		50CD2121237B0A3E0084DFDC /* Auth.storyboard */ = {isa = PBXFileReference; lastKnownFileType = file.storyboard; path = Auth.storyboard; sourceTree = "<group>"; };
		50CD2123237B0AAF0084DFDC /* SignInWithEmailViewController.swift */ = {isa = PBXFileReference; lastKnownFileType = sourcecode.swift; path = SignInWithEmailViewController.swift; sourceTree = "<group>"; };
		50CD2126237B0BBC0084DFDC /* Segues.swift */ = {isa = PBXFileReference; lastKnownFileType = sourcecode.swift; path = Segues.swift; sourceTree = "<group>"; };
		50CD2127237B0BBC0084DFDC /* Coordinator.swift */ = {isa = PBXFileReference; lastKnownFileType = sourcecode.swift; path = Coordinator.swift; sourceTree = "<group>"; };
		50CD2128237B0BDA0084DFDC /* MainCoordinator.swift */ = {isa = PBXFileReference; lastKnownFileType = sourcecode.swift; path = MainCoordinator.swift; sourceTree = "<group>"; };
		50CD212F237B0C560084DFDC /* MainViewModel.swift */ = {isa = PBXFileReference; lastKnownFileType = sourcecode.swift; path = MainViewModel.swift; sourceTree = "<group>"; };
		50CD2131237B0C710084DFDC /* AuthViewModel.swift */ = {isa = PBXFileReference; lastKnownFileType = sourcecode.swift; path = AuthViewModel.swift; sourceTree = "<group>"; };
		50CD2134237B0CE20084DFDC /* Current.swift */ = {isa = PBXFileReference; lastKnownFileType = sourcecode.swift; path = Current.swift; sourceTree = "<group>"; };
		50CD2136237B0CF50084DFDC /* Current+User.swift */ = {isa = PBXFileReference; lastKnownFileType = sourcecode.swift; path = "Current+User.swift"; sourceTree = "<group>"; };
		50CD2138237B0D1B0084DFDC /* AuthService.swift */ = {isa = PBXFileReference; lastKnownFileType = sourcecode.swift; path = AuthService.swift; sourceTree = "<group>"; };
		50CD213B237B0D490084DFDC /* Context.swift */ = {isa = PBXFileReference; lastKnownFileType = sourcecode.swift; path = Context.swift; sourceTree = "<group>"; };
		50CD213D237B3FFC0084DFDC /* AuthCoordinator.swift */ = {isa = PBXFileReference; lastKnownFileType = sourcecode.swift; path = AuthCoordinator.swift; sourceTree = "<group>"; };
		50CD213F237B406A0084DFDC /* SignInWithEmailViewModel.swift */ = {isa = PBXFileReference; lastKnownFileType = sourcecode.swift; path = SignInWithEmailViewModel.swift; sourceTree = "<group>"; };
		50CD2141237D5BC40084DFDC /* AuthSignUpViewController.swift */ = {isa = PBXFileReference; lastKnownFileType = sourcecode.swift; path = AuthSignUpViewController.swift; sourceTree = "<group>"; };
		50CD2142237D5BC40084DFDC /* AuthSignInViewController.swift */ = {isa = PBXFileReference; lastKnownFileType = sourcecode.swift; path = AuthSignInViewController.swift; sourceTree = "<group>"; };
		50CD2143237D5BC40084DFDC /* AuthViewController.swift */ = {isa = PBXFileReference; lastKnownFileType = sourcecode.swift; path = AuthViewController.swift; sourceTree = "<group>"; };
		50CD2148237D5BE10084DFDC /* AuthSignUpViewModel.swift */ = {isa = PBXFileReference; lastKnownFileType = sourcecode.swift; path = AuthSignUpViewModel.swift; sourceTree = "<group>"; };
		50CD2149237D5BE10084DFDC /* AuthSignInViewModel.swift */ = {isa = PBXFileReference; lastKnownFileType = sourcecode.swift; path = AuthSignInViewModel.swift; sourceTree = "<group>"; };
		50CD214E237D767C0084DFDC /* SignInForm.swift */ = {isa = PBXFileReference; lastKnownFileType = sourcecode.swift; path = SignInForm.swift; sourceTree = "<group>"; };
		50CD214F237D767C0084DFDC /* SignUpForm.swift */ = {isa = PBXFileReference; lastKnownFileType = sourcecode.swift; path = SignUpForm.swift; sourceTree = "<group>"; };
		50CD2152237D78A60084DFDC /* NSError+Error.swift */ = {isa = PBXFileReference; lastKnownFileType = sourcecode.swift; path = "NSError+Error.swift"; sourceTree = "<group>"; };
		50CD2153237D78A70084DFDC /* UIColor+Extensions.swift */ = {isa = PBXFileReference; lastKnownFileType = sourcecode.swift; path = "UIColor+Extensions.swift"; sourceTree = "<group>"; };
		50CD2157237DCF9F0084DFDC /* UIKit+Extensions.swift */ = {isa = PBXFileReference; lastKnownFileType = sourcecode.swift; path = "UIKit+Extensions.swift"; sourceTree = "<group>"; };
		50CD215A237DDA5F0084DFDC /* KeyboardLayoutConstraint.swift */ = {isa = PBXFileReference; lastKnownFileType = sourcecode.swift; path = KeyboardLayoutConstraint.swift; sourceTree = "<group>"; };
		50CD2162237DEF600084DFDC /* Home.storyboard */ = {isa = PBXFileReference; lastKnownFileType = file.storyboard; path = Home.storyboard; sourceTree = "<group>"; };
		50CD2164237DEF790084DFDC /* HomeViewController.swift */ = {isa = PBXFileReference; lastKnownFileType = sourcecode.swift; path = HomeViewController.swift; sourceTree = "<group>"; };
		50CD2166237DEF960084DFDC /* HomeCoordinator.swift */ = {isa = PBXFileReference; lastKnownFileType = sourcecode.swift; path = HomeCoordinator.swift; sourceTree = "<group>"; };
		50CD2168237DEFA20084DFDC /* HomeWireframe.swift */ = {isa = PBXFileReference; lastKnownFileType = sourcecode.swift; path = HomeWireframe.swift; sourceTree = "<group>"; };
		50CD216A237DF0180084DFDC /* HomeViewModel.swift */ = {isa = PBXFileReference; lastKnownFileType = sourcecode.swift; path = HomeViewModel.swift; sourceTree = "<group>"; };
		50CD216C237DF3A80084DFDC /* README.md */ = {isa = PBXFileReference; lastKnownFileType = net.daringfireball.markdown; path = README.md; sourceTree = SOURCE_ROOT; };
		AFB12FDBA057FAFC6136841E /* Pods-Financestruck.release.xcconfig */ = {isa = PBXFileReference; includeInIndex = 1; lastKnownFileType = text.xcconfig; name = "Pods-Financestruck.release.xcconfig"; path = "Target Support Files/Pods-Financestruck/Pods-Financestruck.release.xcconfig"; sourceTree = "<group>"; };
		DD7EC3476AF117E958E60202 /* Pods-Financestruck.debug.xcconfig */ = {isa = PBXFileReference; includeInIndex = 1; lastKnownFileType = text.xcconfig; name = "Pods-Financestruck.debug.xcconfig"; path = "Target Support Files/Pods-Financestruck/Pods-Financestruck.debug.xcconfig"; sourceTree = "<group>"; };
/* End PBXFileReference section */

/* Begin PBXFrameworksBuildPhase section */
		50CD20F9237AF0ED0084DFDC /* Frameworks */ = {
			isa = PBXFrameworksBuildPhase;
			buildActionMask = 2147483647;
			files = (
				302CC8BDF2F6C1E9055C8749 /* Pods_Financestruck.framework in Frameworks */,
				50AC1258238A8C74008B69F7 /* Changeset in Frameworks */,
			);
			runOnlyForDeploymentPostprocessing = 0;
		};
/* End PBXFrameworksBuildPhase section */

/* Begin PBXGroup section */
		100EDFB2236E7951824DC767 /* Pods */ = {
			isa = PBXGroup;
			children = (
				DD7EC3476AF117E958E60202 /* Pods-Financestruck.debug.xcconfig */,
				AFB12FDBA057FAFC6136841E /* Pods-Financestruck.release.xcconfig */,
			);
			path = Pods;
			sourceTree = "<group>";
		};
		505FE16823809DFA009C0566 /* Households */ = {
			isa = PBXGroup;
			children = (
				505FE19F2380B26B009C0566 /* Service */,
				505FE19E2380B264009C0566 /* Domain */,
				505FE19D2380B25E009C0566 /* ViewModel */,
				505FE19C2380B25A009C0566 /* View */,
				505FE19B2380B253009C0566 /* Storyboard */,
				505FE1A92380B2E8009C0566 /* HouseholdsWireframe.swift */,
			);
			path = Households;
			sourceTree = "<group>";
		};
		505FE19B2380B253009C0566 /* Storyboard */ = {
			isa = PBXGroup;
			children = (
				505FE1A72380B2D9009C0566 /* Households.storyboard */,
			);
			path = Storyboard;
			sourceTree = "<group>";
		};
		505FE19C2380B25A009C0566 /* View */ = {
			isa = PBXGroup;
			children = (
				505FE1A42380B2A1009C0566 /* Cell */,
				505FE1A52380B2B5009C0566 /* HouseholdsViewController.swift */,
				505FE1B92381CDFB009C0566 /* HouseholdViewController.swift */,
			);
			path = View;
			sourceTree = "<group>";
		};
		505FE19D2380B25E009C0566 /* ViewModel */ = {
			isa = PBXGroup;
			children = (
				505FE1A22380B28E009C0566 /* HouseholdsViewModel.swift */,
				505FE1BB2381CE26009C0566 /* HouseholdViewModel.swift */,
			);
			path = ViewModel;
			sourceTree = "<group>";
		};
		505FE19E2380B264009C0566 /* Domain */ = {
			isa = PBXGroup;
			children = (
				505FE1A02380B27C009C0566 /* Households.swift */,
			);
			path = Domain;
			sourceTree = "<group>";
		};
		505FE19F2380B26B009C0566 /* Service */ = {
			isa = PBXGroup;
			children = (
				505FE1AB2380B3A0009C0566 /* HouseholdsService.swift */,
			);
			path = Service;
			sourceTree = "<group>";
		};
		505FE1A42380B2A1009C0566 /* Cell */ = {
			isa = PBXGroup;
			children = (
				505FE1B32381605A009C0566 /* HouseholdTableViewCell.swift */,
				505FE1B42381605A009C0566 /* HouseholdTableViewCell.xib */,
				505FE1C92382CFB3009C0566 /* MonthlyBudgetTableViewCell.swift */,
			);
			path = Cell;
			sourceTree = "<group>";
		};
		505FE1AD2380B3B9009C0566 /* Service */ = {
			isa = PBXGroup;
			children = (
				505FE1AE2380B3CC009C0566 /* FirebaseFirestoreService.swift */,
			);
			name = Service;
			sourceTree = "<group>";
		};
		505FE1B02380B74D009C0566 /* Reactive */ = {
			isa = PBXGroup;
			children = (
				505FE1B12380B765009C0566 /* Firebase+ReactiveSwift.swift */,
			);
			path = Reactive;
			sourceTree = "<group>";
		};
		505FE1C42382B52E009C0566 /* Serialization */ = {
			isa = PBXGroup;
			children = (
				505FE1C52382B542009C0566 /* FirebaseFirestoreSerialization.swift */,
			);
			path = Serialization;
			sourceTree = "<group>";
		};
		505FE1CB23849403009C0566 /* Budgets */ = {
			isa = PBXGroup;
			children = (
				505FE1D023849428009C0566 /* Service */,
				505FE1CF23849423009C0566 /* Domain */,
				505FE1CE2384941D009C0566 /* ViewModel */,
				505FE1CD23849418009C0566 /* View */,
				505FE1CC23849412009C0566 /* Storyboard */,
				505FE1D42384944A009C0566 /* BudgetsWireframe.swift */,
			);
			path = Budgets;
			sourceTree = "<group>";
		};
		505FE1CC23849412009C0566 /* Storyboard */ = {
			isa = PBXGroup;
			children = (
				505FE1D22384943C009C0566 /* Budgets.storyboard */,
			);
			path = Storyboard;
			sourceTree = "<group>";
		};
		505FE1CD23849418009C0566 /* View */ = {
			isa = PBXGroup;
			children = (
				50AC12492389492D008B69F7 /* DisplayData */,
				505FE1E4238580E8009C0566 /* Cell */,
				505FE1DC238499D9009C0566 /* MonthlyBudgetViewController.swift */,
				505FE1DE23855298009C0566 /* NewTransactionViewController.swift */,
			);
			path = View;
			sourceTree = "<group>";
		};
		505FE1CE2384941D009C0566 /* ViewModel */ = {
			isa = PBXGroup;
			children = (
				505FE1DA23849724009C0566 /* MonthlyBudgetViewModel.swift */,
				505FE1E0238552B0009C0566 /* NewTransactionViewModel.swift */,
			);
			path = ViewModel;
			sourceTree = "<group>";
		};
		505FE1CF23849423009C0566 /* Domain */ = {
			isa = PBXGroup;
			children = (
				505FE1D8238496CC009C0566 /* Budgets.swift */,
			);
			path = Domain;
			sourceTree = "<group>";
		};
		505FE1D023849428009C0566 /* Service */ = {
			isa = PBXGroup;
			children = (
				505FE1D6238494B0009C0566 /* BudgetsService.swift */,
			);
			path = Service;
			sourceTree = "<group>";
		};
		505FE1E4238580E8009C0566 /* Cell */ = {
			isa = PBXGroup;
			children = (
				505FE1E523859296009C0566 /* DatePickerTableViewCell.swift */,
				505FE1E623859296009C0566 /* DatePickerTableViewCell.xib */,
				50AC124223893A28008B69F7 /* TextFieldTableViewCell.swift */,
				50AC124323893A28008B69F7 /* TextFieldTableViewCell.xib */,
			);
			path = Cell;
			sourceTree = "<group>";
		};
		50AC1246238945DE008B69F7 /* Table Structure */ = {
			isa = PBXGroup;
			children = (
				50AC1247238946AA008B69F7 /* UIKit+TableStructure.swift */,
			);
			path = "Table Structure";
			sourceTree = "<group>";
		};
		50AC12492389492D008B69F7 /* DisplayData */ = {
			isa = PBXGroup;
			children = (
				50AC124A23894952008B69F7 /* TransactionTableStructure.swift */,
			);
			path = DisplayData;
			sourceTree = "<group>";
		};
		50CD20F3237AF0ED0084DFDC = {
			isa = PBXGroup;
			children = (
				50CD20FE237AF0ED0084DFDC /* Financestruck */,
				50CD20FD237AF0ED0084DFDC /* Products */,
				100EDFB2236E7951824DC767 /* Pods */,
				FE19B84165744C3497DC0200 /* Frameworks */,
			);
			sourceTree = "<group>";
		};
		50CD20FD237AF0ED0084DFDC /* Products */ = {
			isa = PBXGroup;
			children = (
				50CD20FC237AF0ED0084DFDC /* Financestruck.app */,
			);
			name = Products;
			sourceTree = "<group>";
		};
		50CD20FE237AF0ED0084DFDC /* Financestruck */ = {
			isa = PBXGroup;
			children = (
				50CD214D237D76700084DFDC /* Model */,
				50CD2116237B08FD0084DFDC /* Library */,
				50CD2115237B08F60084DFDC /* Story */,
				50CD20FF237AF0ED0084DFDC /* AppDelegate.swift */,
				50CD2108237AF0F10084DFDC /* Assets.xcassets */,
				50CD210A237AF0F10084DFDC /* LaunchScreen.storyboard */,
				50CD2113237AF1560084DFDC /* GoogleService-Info.plist */,
				50CD210D237AF0F10084DFDC /* Info.plist */,
				50CD216C237DF3A80084DFDC /* README.md */,
			);
			path = Financestruck;
			sourceTree = "<group>";
		};
		50CD2115237B08F60084DFDC /* Story */ = {
			isa = PBXGroup;
			children = (
				50CD2117237B09670084DFDC /* Main */,
				50CD2118237B09840084DFDC /* Auth */,
				50CD215C237DEF090084DFDC /* Home */,
				505FE16823809DFA009C0566 /* Households */,
				505FE1CB23849403009C0566 /* Budgets */,
			);
			path = Story;
			sourceTree = "<group>";
		};
		50CD2116237B08FD0084DFDC /* Library */ = {
			isa = PBXGroup;
			children = (
				50AC1246238945DE008B69F7 /* Table Structure */,
				505FE1B02380B74D009C0566 /* Reactive */,
				50CD2159237DDA290084DFDC /* Third Party */,
				50CD2154237D78A90084DFDC /* Extensions */,
				50CD213A237B0D340084DFDC /* Dependency Injection */,
				50CD2133237B0CD40084DFDC /* Current */,
				50CD2125237B0BAF0084DFDC /* Navigation */,
			);
			path = Library;
			sourceTree = "<group>";
		};
		50CD2117237B09670084DFDC /* Main */ = {
			isa = PBXGroup;
			children = (
				505FE1AD2380B3B9009C0566 /* Service */,
				50CD212E237B0C3B0084DFDC /* ViewModel */,
				50CD212D237B0C300084DFDC /* View */,
				50CD212C237B0C230084DFDC /* Storyboard */,
				50CD2128237B0BDA0084DFDC /* MainCoordinator.swift */,
			);
			path = Main;
			sourceTree = "<group>";
		};
		50CD2118237B09840084DFDC /* Auth */ = {
			isa = PBXGroup;
			children = (
				50CD2119237B098E0084DFDC /* Service */,
				50CD211D237B09BE0084DFDC /* Domain */,
				50CD211C237B09AA0084DFDC /* ViewModel */,
				50CD211B237B09A40084DFDC /* View */,
				50CD211A237B09970084DFDC /* Storyboard */,
				50CD211F237B09EE0084DFDC /* AuthWireframe.swift */,
				50CD213D237B3FFC0084DFDC /* AuthCoordinator.swift */,
			);
			path = Auth;
			sourceTree = "<group>";
		};
		50CD2119237B098E0084DFDC /* Service */ = {
			isa = PBXGroup;
			children = (
				50CD2138237B0D1B0084DFDC /* AuthService.swift */,
			);
			path = Service;
			sourceTree = "<group>";
		};
		50CD211A237B09970084DFDC /* Storyboard */ = {
			isa = PBXGroup;
			children = (
				50CD2121237B0A3E0084DFDC /* Auth.storyboard */,
			);
			path = Storyboard;
			sourceTree = "<group>";
		};
		50CD211B237B09A40084DFDC /* View */ = {
			isa = PBXGroup;
			children = (
				50CD2142237D5BC40084DFDC /* AuthSignInViewController.swift */,
				50CD2141237D5BC40084DFDC /* AuthSignUpViewController.swift */,
				50CD2143237D5BC40084DFDC /* AuthViewController.swift */,
				50CD2123237B0AAF0084DFDC /* SignInWithEmailViewController.swift */,
			);
			path = View;
			sourceTree = "<group>";
		};
		50CD211C237B09AA0084DFDC /* ViewModel */ = {
			isa = PBXGroup;
			children = (
				50CD2149237D5BE10084DFDC /* AuthSignInViewModel.swift */,
				50CD2148237D5BE10084DFDC /* AuthSignUpViewModel.swift */,
				50CD2131237B0C710084DFDC /* AuthViewModel.swift */,
				50CD213F237B406A0084DFDC /* SignInWithEmailViewModel.swift */,
			);
			path = ViewModel;
			sourceTree = "<group>";
		};
		50CD211D237B09BE0084DFDC /* Domain */ = {
			isa = PBXGroup;
			children = (
			);
			path = Domain;
			sourceTree = "<group>";
		};
		50CD2125237B0BAF0084DFDC /* Navigation */ = {
			isa = PBXGroup;
			children = (
				50CD2127237B0BBC0084DFDC /* Coordinator.swift */,
				50CD2126237B0BBC0084DFDC /* Segues.swift */,
			);
			path = Navigation;
			sourceTree = "<group>";
		};
		50CD212C237B0C230084DFDC /* Storyboard */ = {
			isa = PBXGroup;
			children = (
				50CD2105237AF0ED0084DFDC /* Main.storyboard */,
			);
			path = Storyboard;
			sourceTree = "<group>";
		};
		50CD212D237B0C300084DFDC /* View */ = {
			isa = PBXGroup;
			children = (
				50CD2103237AF0ED0084DFDC /* ViewController.swift */,
			);
			path = View;
			sourceTree = "<group>";
		};
		50CD212E237B0C3B0084DFDC /* ViewModel */ = {
			isa = PBXGroup;
			children = (
				50CD212F237B0C560084DFDC /* MainViewModel.swift */,
			);
			path = ViewModel;
			sourceTree = "<group>";
		};
		50CD2133237B0CD40084DFDC /* Current */ = {
			isa = PBXGroup;
			children = (
				50CD2134237B0CE20084DFDC /* Current.swift */,
				50CD2136237B0CF50084DFDC /* Current+User.swift */,
				505FE1B72381BC07009C0566 /* Current+User+Reactive.swift */,
			);
			path = Current;
			sourceTree = "<group>";
		};
		50CD213A237B0D340084DFDC /* Dependency Injection */ = {
			isa = PBXGroup;
			children = (
				50CD213B237B0D490084DFDC /* Context.swift */,
			);
			path = "Dependency Injection";
			sourceTree = "<group>";
		};
		50CD214D237D76700084DFDC /* Model */ = {
			isa = PBXGroup;
			children = (
				505FE1C42382B52E009C0566 /* Serialization */,
				50CD214E237D767C0084DFDC /* SignInForm.swift */,
				50CD214F237D767C0084DFDC /* SignUpForm.swift */,
				505FE15C23809C8B009C0566 /* Household.swift */,
				505FE15E23809CAA009C0566 /* Expense.swift */,
				505FE16023809CBD009C0566 /* Income.swift */,
				505FE16223809CCD009C0566 /* Transaction.swift */,
				505FE16423809D0B009C0566 /* Amount.swift */,
				505FE16623809D26009C0566 /* Currency.swift */,
				505FE1C02381D156009C0566 /* MonthlyBundget.swift */,
				505FE1C22381D15F009C0566 /* Budget.swift */,
				505FE1E223855D62009C0566 /* Category.swift */,
			);
			path = Model;
			sourceTree = "<group>";
		};
		50CD2154237D78A90084DFDC /* Extensions */ = {
			isa = PBXGroup;
			children = (
				50CD2157237DCF9F0084DFDC /* UIKit+Extensions.swift */,
				50CD2152237D78A60084DFDC /* NSError+Error.swift */,
				50CD2153237D78A70084DFDC /* UIColor+Extensions.swift */,
				505FE1BE2381D055009C0566 /* Foundation+Extensions.swift */,
				505FE1C72382BB6D009C0566 /* ReactiveSwift+Extensions.swift */,
			);
			path = Extensions;
			sourceTree = "<group>";
		};
		50CD2159237DDA290084DFDC /* Third Party */ = {
			isa = PBXGroup;
			children = (
				50CD215A237DDA5F0084DFDC /* KeyboardLayoutConstraint.swift */,
			);
			path = "Third Party";
			sourceTree = "<group>";
		};
		50CD215C237DEF090084DFDC /* Home */ = {
			isa = PBXGroup;
			children = (
				50CD2161237DEF4D0084DFDC /* Service */,
				50CD2160237DEF480084DFDC /* Domain */,
				50CD215F237DEF420084DFDC /* ViewModel */,
				50CD215E237DEF3C0084DFDC /* View */,
				50CD215D237DEF1C0084DFDC /* Storyboard */,
				50CD2166237DEF960084DFDC /* HomeCoordinator.swift */,
				50CD2168237DEFA20084DFDC /* HomeWireframe.swift */,
			);
			path = Home;
			sourceTree = "<group>";
		};
		50CD215D237DEF1C0084DFDC /* Storyboard */ = {
			isa = PBXGroup;
			children = (
				50CD2162237DEF600084DFDC /* Home.storyboard */,
			);
			path = Storyboard;
			sourceTree = "<group>";
		};
		50CD215E237DEF3C0084DFDC /* View */ = {
			isa = PBXGroup;
			children = (
				50CD2164237DEF790084DFDC /* HomeViewController.swift */,
			);
			path = View;
			sourceTree = "<group>";
		};
		50CD215F237DEF420084DFDC /* ViewModel */ = {
			isa = PBXGroup;
			children = (
				50CD216A237DF0180084DFDC /* HomeViewModel.swift */,
			);
			path = ViewModel;
			sourceTree = "<group>";
		};
		50CD2160237DEF480084DFDC /* Domain */ = {
			isa = PBXGroup;
			children = (
			);
			path = Domain;
			sourceTree = "<group>";
		};
		50CD2161237DEF4D0084DFDC /* Service */ = {
			isa = PBXGroup;
			children = (
			);
			path = Service;
			sourceTree = "<group>";
		};
		FE19B84165744C3497DC0200 /* Frameworks */ = {
			isa = PBXGroup;
			children = (
				23E6B115C075F8AECC37419A /* Pods_Financestruck.framework */,
			);
			name = Frameworks;
			sourceTree = "<group>";
		};
/* End PBXGroup section */

/* Begin PBXNativeTarget section */
		50CD20FB237AF0ED0084DFDC /* Financestruck */ = {
			isa = PBXNativeTarget;
			buildConfigurationList = 50CD2110237AF0F10084DFDC /* Build configuration list for PBXNativeTarget "Financestruck" */;
			buildPhases = (
				37F97DCC61C1E9DCD070A2E7 /* [CP] Check Pods Manifest.lock */,
				50CD20F8237AF0ED0084DFDC /* Sources */,
				50CD20F9237AF0ED0084DFDC /* Frameworks */,
				50CD20FA237AF0ED0084DFDC /* Resources */,
				F05B9359F3260770C0133ACA /* [CP] Embed Pods Frameworks */,
			);
			buildRules = (
			);
			dependencies = (
			);
			name = Financestruck;
			packageProductDependencies = (
				50AC1257238A8C74008B69F7 /* Changeset */,
			);
			productName = Financestruck;
			productReference = 50CD20FC237AF0ED0084DFDC /* Financestruck.app */;
			productType = "com.apple.product-type.application";
		};
/* End PBXNativeTarget section */

/* Begin PBXProject section */
		50CD20F4237AF0ED0084DFDC /* Project object */ = {
			isa = PBXProject;
			attributes = {
				LastSwiftUpdateCheck = 1120;
				LastUpgradeCheck = 1120;
				ORGANIZATIONNAME = "Max Rozdobudko";
				TargetAttributes = {
					50CD20FB237AF0ED0084DFDC = {
						CreatedOnToolsVersion = 11.2;
					};
				};
			};
			buildConfigurationList = 50CD20F7237AF0ED0084DFDC /* Build configuration list for PBXProject "Financestruck" */;
			compatibilityVersion = "Xcode 9.3";
			developmentRegion = en;
			hasScannedForEncodings = 0;
			knownRegions = (
				en,
				Base,
			);
			mainGroup = 50CD20F3237AF0ED0084DFDC;
			packageReferences = (
				50AC1256238A8C74008B69F7 /* XCRemoteSwiftPackageReference "Changeset" */,
			);
			productRefGroup = 50CD20FD237AF0ED0084DFDC /* Products */;
			projectDirPath = "";
			projectRoot = "";
			targets = (
				50CD20FB237AF0ED0084DFDC /* Financestruck */,
			);
		};
/* End PBXProject section */

/* Begin PBXResourcesBuildPhase section */
		50CD20FA237AF0ED0084DFDC /* Resources */ = {
			isa = PBXResourcesBuildPhase;
			buildActionMask = 2147483647;
			files = (
				505FE1D32384943D009C0566 /* Budgets.storyboard in Resources */,
				505FE1A82380B2D9009C0566 /* Households.storyboard in Resources */,
				505FE1B62381605A009C0566 /* HouseholdTableViewCell.xib in Resources */,
				50AC124523893A28008B69F7 /* TextFieldTableViewCell.xib in Resources */,
				50CD210C237AF0F10084DFDC /* LaunchScreen.storyboard in Resources */,
				50CD2114237AF1560084DFDC /* GoogleService-Info.plist in Resources */,
				50CD2122237B0A3E0084DFDC /* Auth.storyboard in Resources */,
				50CD2163237DEF600084DFDC /* Home.storyboard in Resources */,
				50CD2109237AF0F10084DFDC /* Assets.xcassets in Resources */,
				50CD2107237AF0ED0084DFDC /* Main.storyboard in Resources */,
				505FE1E823859296009C0566 /* DatePickerTableViewCell.xib in Resources */,
			);
			runOnlyForDeploymentPostprocessing = 0;
		};
/* End PBXResourcesBuildPhase section */

/* Begin PBXShellScriptBuildPhase section */
		37F97DCC61C1E9DCD070A2E7 /* [CP] Check Pods Manifest.lock */ = {
			isa = PBXShellScriptBuildPhase;
			buildActionMask = 2147483647;
			files = (
			);
			inputFileListPaths = (
			);
			inputPaths = (
				"${PODS_PODFILE_DIR_PATH}/Podfile.lock",
				"${PODS_ROOT}/Manifest.lock",
			);
			name = "[CP] Check Pods Manifest.lock";
			outputFileListPaths = (
			);
			outputPaths = (
				"$(DERIVED_FILE_DIR)/Pods-Financestruck-checkManifestLockResult.txt",
			);
			runOnlyForDeploymentPostprocessing = 0;
			shellPath = /bin/sh;
			shellScript = "diff \"${PODS_PODFILE_DIR_PATH}/Podfile.lock\" \"${PODS_ROOT}/Manifest.lock\" > /dev/null\nif [ $? != 0 ] ; then\n    # print error to STDERR\n    echo \"error: The sandbox is not in sync with the Podfile.lock. Run 'pod install' or update your CocoaPods installation.\" >&2\n    exit 1\nfi\n# This output is used by Xcode 'outputs' to avoid re-running this script phase.\necho \"SUCCESS\" > \"${SCRIPT_OUTPUT_FILE_0}\"\n";
			showEnvVarsInLog = 0;
		};
		F05B9359F3260770C0133ACA /* [CP] Embed Pods Frameworks */ = {
			isa = PBXShellScriptBuildPhase;
			buildActionMask = 2147483647;
			files = (
			);
			inputFileListPaths = (
				"${PODS_ROOT}/Target Support Files/Pods-Financestruck/Pods-Financestruck-frameworks-${CONFIGURATION}-input-files.xcfilelist",
			);
			name = "[CP] Embed Pods Frameworks";
			outputFileListPaths = (
				"${PODS_ROOT}/Target Support Files/Pods-Financestruck/Pods-Financestruck-frameworks-${CONFIGURATION}-output-files.xcfilelist",
			);
			runOnlyForDeploymentPostprocessing = 0;
			shellPath = /bin/sh;
			shellScript = "\"${PODS_ROOT}/Target Support Files/Pods-Financestruck/Pods-Financestruck-frameworks.sh\"\n";
			showEnvVarsInLog = 0;
		};
/* End PBXShellScriptBuildPhase section */

/* Begin PBXSourcesBuildPhase section */
		50CD20F8237AF0ED0084DFDC /* Sources */ = {
			isa = PBXSourcesBuildPhase;
			buildActionMask = 2147483647;
			files = (
				505FE16723809D26009C0566 /* Currency.swift in Sources */,
				505FE15F23809CAA009C0566 /* Expense.swift in Sources */,
				50CD2120237B09EE0084DFDC /* AuthWireframe.swift in Sources */,
				50CD2135237B0CE20084DFDC /* Current.swift in Sources */,
				50CD2124237B0AAF0084DFDC /* SignInWithEmailViewController.swift in Sources */,
				505FE16123809CBD009C0566 /* Income.swift in Sources */,
				505FE1D9238496CD009C0566 /* Budgets.swift in Sources */,
				505FE1C12381D156009C0566 /* MonthlyBundget.swift in Sources */,
				505FE1A32380B28E009C0566 /* HouseholdsViewModel.swift in Sources */,
				505FE1AF2380B3CC009C0566 /* FirebaseFirestoreService.swift in Sources */,
				505FE1BF2381D055009C0566 /* Foundation+Extensions.swift in Sources */,
				50CD2151237D76830084DFDC /* SignUpForm.swift in Sources */,
				505FE16323809CCD009C0566 /* Transaction.swift in Sources */,
				505FE1C32381D15F009C0566 /* Budget.swift in Sources */,
				50CD2158237DCF9F0084DFDC /* UIKit+Extensions.swift in Sources */,
				50CD2167237DEF960084DFDC /* HomeCoordinator.swift in Sources */,
				505FE1D52384944A009C0566 /* BudgetsWireframe.swift in Sources */,
				505FE1A12380B27C009C0566 /* Households.swift in Sources */,
				505FE1AC2380B3A0009C0566 /* HouseholdsService.swift in Sources */,
				50CD2140237B406A0084DFDC /* SignInWithEmailViewModel.swift in Sources */,
				505FE16523809D0B009C0566 /* Amount.swift in Sources */,
				50CD2144237D5BC40084DFDC /* AuthViewController.swift in Sources */,
				50CD213C237B0D490084DFDC /* Context.swift in Sources */,
				505FE1A62380B2B5009C0566 /* HouseholdsViewController.swift in Sources */,
				50CD2155237D790B0084DFDC /* NSError+Error.swift in Sources */,
				505FE15D23809C8B009C0566 /* Household.swift in Sources */,
				505FE1C82382BB6D009C0566 /* ReactiveSwift+Extensions.swift in Sources */,
				50CD213E237B3FFC0084DFDC /* AuthCoordinator.swift in Sources */,
				50CD2139237B0D1B0084DFDC /* AuthService.swift in Sources */,
				50CD2169237DEFA20084DFDC /* HomeWireframe.swift in Sources */,
				50CD216B237DF0180084DFDC /* HomeViewModel.swift in Sources */,
				50AC1248238946AA008B69F7 /* UIKit+TableStructure.swift in Sources */,
				505FE1B52381605A009C0566 /* HouseholdTableViewCell.swift in Sources */,
				50CD2146237D5BC40084DFDC /* AuthSignUpViewController.swift in Sources */,
				505FE1CA2382CFB4009C0566 /* MonthlyBudgetTableViewCell.swift in Sources */,
				505FE1DF23855298009C0566 /* NewTransactionViewController.swift in Sources */,
				50CD212A237B0C1F0084DFDC /* Coordinator.swift in Sources */,
				505FE1D7238494B0009C0566 /* BudgetsService.swift in Sources */,
				50CD215B237DDA5F0084DFDC /* KeyboardLayoutConstraint.swift in Sources */,
				50CD2165237DEF790084DFDC /* HomeViewController.swift in Sources */,
				505FE1BA2381CDFB009C0566 /* HouseholdViewController.swift in Sources */,
				50CD214A237D5BE10084DFDC /* AuthSignUpViewModel.swift in Sources */,
				50CD2150237D76830084DFDC /* SignInForm.swift in Sources */,
				50CD212B237B0C1F0084DFDC /* Segues.swift in Sources */,
				505FE1E723859296009C0566 /* DatePickerTableViewCell.swift in Sources */,
				50CD214C237D5BE10084DFDC /* AuthSignInViewModel.swift in Sources */,
				505FE1E1238552B0009C0566 /* NewTransactionViewModel.swift in Sources */,
				505FE1C62382B542009C0566 /* FirebaseFirestoreSerialization.swift in Sources */,
				50CD2104237AF0ED0084DFDC /* ViewController.swift in Sources */,
				505FE1E323855D63009C0566 /* Category.swift in Sources */,
				50CD2129237B0BDA0084DFDC /* MainCoordinator.swift in Sources */,
				50CD2130237B0C560084DFDC /* MainViewModel.swift in Sources */,
				50AC124423893A28008B69F7 /* TextFieldTableViewCell.swift in Sources */,
				505FE1B82381BC07009C0566 /* Current+User+Reactive.swift in Sources */,
				50CD2156237D790B0084DFDC /* UIColor+Extensions.swift in Sources */,
				50AC124B23894952008B69F7 /* TransactionTableStructure.swift in Sources */,
				50CD2145237D5BC40084DFDC /* AuthSignInViewController.swift in Sources */,
				505FE1AA2380B2E8009C0566 /* HouseholdsWireframe.swift in Sources */,
				50CD2100237AF0ED0084DFDC /* AppDelegate.swift in Sources */,
				50CD2137237B0CF50084DFDC /* Current+User.swift in Sources */,
				505FE1DB23849724009C0566 /* MonthlyBudgetViewModel.swift in Sources */,
				505FE1BC2381CE26009C0566 /* HouseholdViewModel.swift in Sources */,
				505FE1DD238499D9009C0566 /* MonthlyBudgetViewController.swift in Sources */,
				505FE1B22380B765009C0566 /* Firebase+ReactiveSwift.swift in Sources */,
				50CD2132237B0C710084DFDC /* AuthViewModel.swift in Sources */,
			);
			runOnlyForDeploymentPostprocessing = 0;
		};
/* End PBXSourcesBuildPhase section */

/* Begin PBXVariantGroup section */
		50CD2105237AF0ED0084DFDC /* Main.storyboard */ = {
			isa = PBXVariantGroup;
			children = (
				50CD2106237AF0ED0084DFDC /* Base */,
			);
			name = Main.storyboard;
			sourceTree = "<group>";
		};
		50CD210A237AF0F10084DFDC /* LaunchScreen.storyboard */ = {
			isa = PBXVariantGroup;
			children = (
				50CD210B237AF0F10084DFDC /* Base */,
			);
			name = LaunchScreen.storyboard;
			sourceTree = "<group>";
		};
/* End PBXVariantGroup section */

/* Begin XCBuildConfiguration section */
		50CD210E237AF0F10084DFDC /* Debug */ = {
			isa = XCBuildConfiguration;
			buildSettings = {
				ALWAYS_SEARCH_USER_PATHS = NO;
				CLANG_ANALYZER_NONNULL = YES;
				CLANG_ANALYZER_NUMBER_OBJECT_CONVERSION = YES_AGGRESSIVE;
				CLANG_CXX_LANGUAGE_STANDARD = "gnu++14";
				CLANG_CXX_LIBRARY = "libc++";
				CLANG_ENABLE_MODULES = YES;
				CLANG_ENABLE_OBJC_ARC = YES;
				CLANG_ENABLE_OBJC_WEAK = YES;
				CLANG_WARN_BLOCK_CAPTURE_AUTORELEASING = YES;
				CLANG_WARN_BOOL_CONVERSION = YES;
				CLANG_WARN_COMMA = YES;
				CLANG_WARN_CONSTANT_CONVERSION = YES;
				CLANG_WARN_DEPRECATED_OBJC_IMPLEMENTATIONS = YES;
				CLANG_WARN_DIRECT_OBJC_ISA_USAGE = YES_ERROR;
				CLANG_WARN_DOCUMENTATION_COMMENTS = YES;
				CLANG_WARN_EMPTY_BODY = YES;
				CLANG_WARN_ENUM_CONVERSION = YES;
				CLANG_WARN_INFINITE_RECURSION = YES;
				CLANG_WARN_INT_CONVERSION = YES;
				CLANG_WARN_NON_LITERAL_NULL_CONVERSION = YES;
				CLANG_WARN_OBJC_IMPLICIT_RETAIN_SELF = YES;
				CLANG_WARN_OBJC_LITERAL_CONVERSION = YES;
				CLANG_WARN_OBJC_ROOT_CLASS = YES_ERROR;
				CLANG_WARN_RANGE_LOOP_ANALYSIS = YES;
				CLANG_WARN_STRICT_PROTOTYPES = YES;
				CLANG_WARN_SUSPICIOUS_MOVE = YES;
				CLANG_WARN_UNGUARDED_AVAILABILITY = YES_AGGRESSIVE;
				CLANG_WARN_UNREACHABLE_CODE = YES;
				CLANG_WARN__DUPLICATE_METHOD_MATCH = YES;
				COPY_PHASE_STRIP = NO;
				DEBUG_INFORMATION_FORMAT = dwarf;
				ENABLE_STRICT_OBJC_MSGSEND = YES;
				ENABLE_TESTABILITY = YES;
				GCC_C_LANGUAGE_STANDARD = gnu11;
				GCC_DYNAMIC_NO_PIC = NO;
				GCC_NO_COMMON_BLOCKS = YES;
				GCC_OPTIMIZATION_LEVEL = 0;
				GCC_PREPROCESSOR_DEFINITIONS = (
					"DEBUG=1",
					"$(inherited)",
				);
				GCC_WARN_64_TO_32_BIT_CONVERSION = YES;
				GCC_WARN_ABOUT_RETURN_TYPE = YES_ERROR;
				GCC_WARN_UNDECLARED_SELECTOR = YES;
				GCC_WARN_UNINITIALIZED_AUTOS = YES_AGGRESSIVE;
				GCC_WARN_UNUSED_FUNCTION = YES;
				GCC_WARN_UNUSED_VARIABLE = YES;
				IPHONEOS_DEPLOYMENT_TARGET = 12.4;
				MTL_ENABLE_DEBUG_INFO = INCLUDE_SOURCE;
				MTL_FAST_MATH = YES;
				ONLY_ACTIVE_ARCH = YES;
				SDKROOT = iphoneos;
				SWIFT_ACTIVE_COMPILATION_CONDITIONS = DEBUG;
				SWIFT_OPTIMIZATION_LEVEL = "-Onone";
			};
			name = Debug;
		};
		50CD210F237AF0F10084DFDC /* Release */ = {
			isa = XCBuildConfiguration;
			buildSettings = {
				ALWAYS_SEARCH_USER_PATHS = NO;
				CLANG_ANALYZER_NONNULL = YES;
				CLANG_ANALYZER_NUMBER_OBJECT_CONVERSION = YES_AGGRESSIVE;
				CLANG_CXX_LANGUAGE_STANDARD = "gnu++14";
				CLANG_CXX_LIBRARY = "libc++";
				CLANG_ENABLE_MODULES = YES;
				CLANG_ENABLE_OBJC_ARC = YES;
				CLANG_ENABLE_OBJC_WEAK = YES;
				CLANG_WARN_BLOCK_CAPTURE_AUTORELEASING = YES;
				CLANG_WARN_BOOL_CONVERSION = YES;
				CLANG_WARN_COMMA = YES;
				CLANG_WARN_CONSTANT_CONVERSION = YES;
				CLANG_WARN_DEPRECATED_OBJC_IMPLEMENTATIONS = YES;
				CLANG_WARN_DIRECT_OBJC_ISA_USAGE = YES_ERROR;
				CLANG_WARN_DOCUMENTATION_COMMENTS = YES;
				CLANG_WARN_EMPTY_BODY = YES;
				CLANG_WARN_ENUM_CONVERSION = YES;
				CLANG_WARN_INFINITE_RECURSION = YES;
				CLANG_WARN_INT_CONVERSION = YES;
				CLANG_WARN_NON_LITERAL_NULL_CONVERSION = YES;
				CLANG_WARN_OBJC_IMPLICIT_RETAIN_SELF = YES;
				CLANG_WARN_OBJC_LITERAL_CONVERSION = YES;
				CLANG_WARN_OBJC_ROOT_CLASS = YES_ERROR;
				CLANG_WARN_RANGE_LOOP_ANALYSIS = YES;
				CLANG_WARN_STRICT_PROTOTYPES = YES;
				CLANG_WARN_SUSPICIOUS_MOVE = YES;
				CLANG_WARN_UNGUARDED_AVAILABILITY = YES_AGGRESSIVE;
				CLANG_WARN_UNREACHABLE_CODE = YES;
				CLANG_WARN__DUPLICATE_METHOD_MATCH = YES;
				COPY_PHASE_STRIP = NO;
				DEBUG_INFORMATION_FORMAT = "dwarf-with-dsym";
				ENABLE_NS_ASSERTIONS = NO;
				ENABLE_STRICT_OBJC_MSGSEND = YES;
				GCC_C_LANGUAGE_STANDARD = gnu11;
				GCC_NO_COMMON_BLOCKS = YES;
				GCC_WARN_64_TO_32_BIT_CONVERSION = YES;
				GCC_WARN_ABOUT_RETURN_TYPE = YES_ERROR;
				GCC_WARN_UNDECLARED_SELECTOR = YES;
				GCC_WARN_UNINITIALIZED_AUTOS = YES_AGGRESSIVE;
				GCC_WARN_UNUSED_FUNCTION = YES;
				GCC_WARN_UNUSED_VARIABLE = YES;
				IPHONEOS_DEPLOYMENT_TARGET = 12.4;
				MTL_ENABLE_DEBUG_INFO = NO;
				MTL_FAST_MATH = YES;
				SDKROOT = iphoneos;
				SWIFT_COMPILATION_MODE = wholemodule;
				SWIFT_OPTIMIZATION_LEVEL = "-O";
				VALIDATE_PRODUCT = YES;
			};
			name = Release;
		};
		50CD2111237AF0F10084DFDC /* Debug */ = {
			isa = XCBuildConfiguration;
			baseConfigurationReference = DD7EC3476AF117E958E60202 /* Pods-Financestruck.debug.xcconfig */;
			buildSettings = {
				ASSETCATALOG_COMPILER_APPICON_NAME = AppIcon;
				CODE_SIGN_STYLE = Automatic;
				DEVELOPMENT_TEAM = GL9F4DL9W9;
				INFOPLIST_FILE = Financestruck/Info.plist;
				LD_RUNPATH_SEARCH_PATHS = (
					"$(inherited)",
					"@executable_path/Frameworks",
				);
				PRODUCT_BUNDLE_IDENTIFIER = com.github.rozd.financestruck;
				PRODUCT_NAME = "$(TARGET_NAME)";
				SWIFT_VERSION = 5.0;
				TARGETED_DEVICE_FAMILY = "1,2";
			};
			name = Debug;
		};
		50CD2112237AF0F10084DFDC /* Release */ = {
			isa = XCBuildConfiguration;
			baseConfigurationReference = AFB12FDBA057FAFC6136841E /* Pods-Financestruck.release.xcconfig */;
			buildSettings = {
				ASSETCATALOG_COMPILER_APPICON_NAME = AppIcon;
				CODE_SIGN_STYLE = Automatic;
				DEVELOPMENT_TEAM = GL9F4DL9W9;
				INFOPLIST_FILE = Financestruck/Info.plist;
				LD_RUNPATH_SEARCH_PATHS = (
					"$(inherited)",
					"@executable_path/Frameworks",
				);
				PRODUCT_BUNDLE_IDENTIFIER = com.github.rozd.financestruck;
				PRODUCT_NAME = "$(TARGET_NAME)";
				SWIFT_VERSION = 5.0;
				TARGETED_DEVICE_FAMILY = "1,2";
			};
			name = Release;
		};
/* End XCBuildConfiguration section */

/* Begin XCConfigurationList section */
		50CD20F7237AF0ED0084DFDC /* Build configuration list for PBXProject "Financestruck" */ = {
			isa = XCConfigurationList;
			buildConfigurations = (
				50CD210E237AF0F10084DFDC /* Debug */,
				50CD210F237AF0F10084DFDC /* Release */,
			);
			defaultConfigurationIsVisible = 0;
			defaultConfigurationName = Release;
		};
		50CD2110237AF0F10084DFDC /* Build configuration list for PBXNativeTarget "Financestruck" */ = {
			isa = XCConfigurationList;
			buildConfigurations = (
				50CD2111237AF0F10084DFDC /* Debug */,
				50CD2112237AF0F10084DFDC /* Release */,
			);
			defaultConfigurationIsVisible = 0;
			defaultConfigurationName = Release;
		};
/* End XCConfigurationList section */

/* Begin XCRemoteSwiftPackageReference section */
		50AC1256238A8C74008B69F7 /* XCRemoteSwiftPackageReference "Changeset" */ = {
			isa = XCRemoteSwiftPackageReference;
			repositoryURL = "https://github.com/rozd/Changeset.git";
			requirement = {
				branch = "swift-5";
				kind = branch;
			};
		};
/* End XCRemoteSwiftPackageReference section */

/* Begin XCSwiftPackageProductDependency section */
		50AC1257238A8C74008B69F7 /* Changeset */ = {
			isa = XCSwiftPackageProductDependency;
			package = 50AC1256238A8C74008B69F7 /* XCRemoteSwiftPackageReference "Changeset" */;
			productName = Changeset;
		};
/* End XCSwiftPackageProductDependency section */
	};
	rootObject = 50CD20F4237AF0ED0084DFDC /* Project object */;
}
