// !$*UTF8*$!
{
	archiveVersion = 1;
	classes = {
	};
	objectVersion = 50;
	objects = {

/* Begin PBXBuildFile section */
		302CC8BDF2F6C1E9055C8749 /* Pods_Financestruck.framework in Frameworks */ = {isa = PBXBuildFile; fileRef = 23E6B115C075F8AECC37419A /* Pods_Financestruck.framework */; };
		50CD2100237AF0ED0084DFDC /* AppDelegate.swift in Sources */ = {isa = PBXBuildFile; fileRef = 50CD20FF237AF0ED0084DFDC /* AppDelegate.swift */; };
		50CD2104237AF0ED0084DFDC /* ViewController.swift in Sources */ = {isa = PBXBuildFile; fileRef = 50CD2103237AF0ED0084DFDC /* ViewController.swift */; };
		50CD2107237AF0ED0084DFDC /* Main.storyboard in Resources */ = {isa = PBXBuildFile; fileRef = 50CD2105237AF0ED0084DFDC /* Main.storyboard */; };
		50CD2109237AF0F10084DFDC /* Assets.xcassets in Resources */ = {isa = PBXBuildFile; fileRef = 50CD2108237AF0F10084DFDC /* Assets.xcassets */; };
		50CD210C237AF0F10084DFDC /* LaunchScreen.storyboard in Resources */ = {isa = PBXBuildFile; fileRef = 50CD210A237AF0F10084DFDC /* LaunchScreen.storyboard */; };
		50CD2114237AF1560084DFDC /* GoogleService-Info.plist in Resources */ = {isa = PBXBuildFile; fileRef = 50CD2113237AF1560084DFDC /* GoogleService-Info.plist */; };
/* End PBXBuildFile section */

/* Begin PBXFileReference section */
		23E6B115C075F8AECC37419A /* Pods_Financestruck.framework */ = {isa = PBXFileReference; explicitFileType = wrapper.framework; includeInIndex = 0; path = Pods_Financestruck.framework; sourceTree = BUILT_PRODUCTS_DIR; };
		50CD20FC237AF0ED0084DFDC /* Financestruck.app */ = {isa = PBXFileReference; explicitFileType = wrapper.application; includeInIndex = 0; path = Financestruck.app; sourceTree = BUILT_PRODUCTS_DIR; };
		50CD20FF237AF0ED0084DFDC /* AppDelegate.swift */ = {isa = PBXFileReference; lastKnownFileType = sourcecode.swift; path = AppDelegate.swift; sourceTree = "<group>"; };
		50CD2103237AF0ED0084DFDC /* ViewController.swift */ = {isa = PBXFileReference; lastKnownFileType = sourcecode.swift; path = ViewController.swift; sourceTree = "<group>"; };
		50CD2106237AF0ED0084DFDC /* Base */ = {isa = PBXFileReference; lastKnownFileType = file.storyboard; name = Base; path = Base.lproj/Main.storyboard; sourceTree = "<group>"; };
		50CD2108237AF0F10084DFDC /* Assets.xcassets */ = {isa = PBXFileReference; lastKnownFileType = folder.assetcatalog; path = Assets.xcassets; sourceTree = "<group>"; };
		50CD210B237AF0F10084DFDC /* Base */ = {isa = PBXFileReference; lastKnownFileType = file.storyboard; name = Base; path = Base.lproj/LaunchScreen.storyboard; sourceTree = "<group>"; };
		50CD210D237AF0F10084DFDC /* Info.plist */ = {isa = PBXFileReference; lastKnownFileType = text.plist.xml; path = Info.plist; sourceTree = "<group>"; };
		50CD2113237AF1560084DFDC /* GoogleService-Info.plist */ = {isa = PBXFileReference; fileEncoding = 4; lastKnownFileType = text.plist.xml; path = "GoogleService-Info.plist"; sourceTree = "<group>"; };
		AFB12FDBA057FAFC6136841E /* Pods-Financestruck.release.xcconfig */ = {isa = PBXFileReference; includeInIndex = 1; lastKnownFileType = text.xcconfig; name = "Pods-Financestruck.release.xcconfig"; path = "Target Support Files/Pods-Financestruck/Pods-Financestruck.release.xcconfig"; sourceTree = "<group>"; };
		DD7EC3476AF117E958E60202 /* Pods-Financestruck.debug.xcconfig */ = {isa = PBXFileReference; includeInIndex = 1; lastKnownFileType = text.xcconfig; name = "Pods-Financestruck.debug.xcconfig"; path = "Target Support Files/Pods-Financestruck/Pods-Financestruck.debug.xcconfig"; sourceTree = "<group>"; };
/* End PBXFileReference section */

/* Begin PBXFrameworksBuildPhase section */
		50CD20F9237AF0ED0084DFDC /* Frameworks */ = {
			isa = PBXFrameworksBuildPhase;
			buildActionMask = 2147483647;
			files = (
				302CC8BDF2F6C1E9055C8749 /* Pods_Financestruck.framework in Frameworks */,
			);
			runOnlyForDeploymentPostprocessing = 0;
		};
/* End PBXFrameworksBuildPhase section */

/* Begin PBXGroup section */
		100EDFB2236E7951824DC767 /* Pods */ = {
			isa = PBXGroup;
			children = (
				DD7EC3476AF117E958E60202 /* Pods-Financestruck.debug.xcconfig */,
				AFB12FDBA057FAFC6136841E /* Pods-Financestruck.release.xcconfig */,
			);
			name = Pods;
			path = Pods;
			sourceTree = "<group>";
		};
		50CD20F3237AF0ED0084DFDC = {
			isa = PBXGroup;
			children = (
				50CD20FE237AF0ED0084DFDC /* Financestruck */,
				50CD20FD237AF0ED0084DFDC /* Products */,
				100EDFB2236E7951824DC767 /* Pods */,
				FE19B84165744C3497DC0200 /* Frameworks */,
			);
			sourceTree = "<group>";
		};
		50CD20FD237AF0ED0084DFDC /* Products */ = {
			isa = PBXGroup;
			children = (
				50CD20FC237AF0ED0084DFDC /* Financestruck.app */,
			);
			name = Products;
			sourceTree = "<group>";
		};
		50CD20FE237AF0ED0084DFDC /* Financestruck */ = {
			isa = PBXGroup;
			children = (
				50CD20FF237AF0ED0084DFDC /* AppDelegate.swift */,
				50CD2103237AF0ED0084DFDC /* ViewController.swift */,
				50CD2105237AF0ED0084DFDC /* Main.storyboard */,
				50CD2108237AF0F10084DFDC /* Assets.xcassets */,
				50CD210A237AF0F10084DFDC /* LaunchScreen.storyboard */,
				50CD2113237AF1560084DFDC /* GoogleService-Info.plist */,
				50CD210D237AF0F10084DFDC /* Info.plist */,
			);
			path = Financestruck;
			sourceTree = "<group>";
		};
		FE19B84165744C3497DC0200 /* Frameworks */ = {
			isa = PBXGroup;
			children = (
				23E6B115C075F8AECC37419A /* Pods_Financestruck.framework */,
			);
			name = Frameworks;
			sourceTree = "<group>";
		};
/* End PBXGroup section */

/* Begin PBXNativeTarget section */
		50CD20FB237AF0ED0084DFDC /* Financestruck */ = {
			isa = PBXNativeTarget;
			buildConfigurationList = 50CD2110237AF0F10084DFDC /* Build configuration list for PBXNativeTarget "Financestruck" */;
			buildPhases = (
				37F97DCC61C1E9DCD070A2E7 /* [CP] Check Pods Manifest.lock */,
				50CD20F8237AF0ED0084DFDC /* Sources */,
				50CD20F9237AF0ED0084DFDC /* Frameworks */,
				50CD20FA237AF0ED0084DFDC /* Resources */,
				F05B9359F3260770C0133ACA /* [CP] Embed Pods Frameworks */,
			);
			buildRules = (
			);
			dependencies = (
			);
			name = Financestruck;
			productName = Financestruck;
			productReference = 50CD20FC237AF0ED0084DFDC /* Financestruck.app */;
			productType = "com.apple.product-type.application";
		};
/* End PBXNativeTarget section */

/* Begin PBXProject section */
		50CD20F4237AF0ED0084DFDC /* Project object */ = {
			isa = PBXProject;
			attributes = {
				LastSwiftUpdateCheck = 1120;
				LastUpgradeCheck = 1120;
				ORGANIZATIONNAME = "Max Rozdobudko";
				TargetAttributes = {
					50CD20FB237AF0ED0084DFDC = {
						CreatedOnToolsVersion = 11.2;
					};
				};
			};
			buildConfigurationList = 50CD20F7237AF0ED0084DFDC /* Build configuration list for PBXProject "Financestruck" */;
			compatibilityVersion = "Xcode 9.3";
			developmentRegion = en;
			hasScannedForEncodings = 0;
			knownRegions = (
				en,
				Base,
			);
			mainGroup = 50CD20F3237AF0ED0084DFDC;
			productRefGroup = 50CD20FD237AF0ED0084DFDC /* Products */;
			projectDirPath = "";
			projectRoot = "";
			targets = (
				50CD20FB237AF0ED0084DFDC /* Financestruck */,
			);
		};
/* End PBXProject section */

/* Begin PBXResourcesBuildPhase section */
		50CD20FA237AF0ED0084DFDC /* Resources */ = {
			isa = PBXResourcesBuildPhase;
			buildActionMask = 2147483647;
			files = (
				50CD210C237AF0F10084DFDC /* LaunchScreen.storyboard in Resources */,
				50CD2114237AF1560084DFDC /* GoogleService-Info.plist in Resources */,
				50CD2109237AF0F10084DFDC /* Assets.xcassets in Resources */,
				50CD2107237AF0ED0084DFDC /* Main.storyboard in Resources */,
			);
			runOnlyForDeploymentPostprocessing = 0;
		};
/* End PBXResourcesBuildPhase section */

/* Begin PBXShellScriptBuildPhase section */
		37F97DCC61C1E9DCD070A2E7 /* [CP] Check Pods Manifest.lock */ = {
			isa = PBXShellScriptBuildPhase;
			buildActionMask = 2147483647;
			files = (
			);
			inputFileListPaths = (
			);
			inputPaths = (
				"${PODS_PODFILE_DIR_PATH}/Podfile.lock",
				"${PODS_ROOT}/Manifest.lock",
			);
			name = "[CP] Check Pods Manifest.lock";
			outputFileListPaths = (
			);
			outputPaths = (
				"$(DERIVED_FILE_DIR)/Pods-Financestruck-checkManifestLockResult.txt",
			);
			runOnlyForDeploymentPostprocessing = 0;
			shellPath = /bin/sh;
			shellScript = "diff \"${PODS_PODFILE_DIR_PATH}/Podfile.lock\" \"${PODS_ROOT}/Manifest.lock\" > /dev/null\nif [ $? != 0 ] ; then\n    # print error to STDERR\n    echo \"error: The sandbox is not in sync with the Podfile.lock. Run 'pod install' or update your CocoaPods installation.\" >&2\n    exit 1\nfi\n# This output is used by Xcode 'outputs' to avoid re-running this script phase.\necho \"SUCCESS\" > \"${SCRIPT_OUTPUT_FILE_0}\"\n";
			showEnvVarsInLog = 0;
		};
		F05B9359F3260770C0133ACA /* [CP] Embed Pods Frameworks */ = {
			isa = PBXShellScriptBuildPhase;
			buildActionMask = 2147483647;
			files = (
			);
			inputFileListPaths = (
				"${PODS_ROOT}/Target Support Files/Pods-Financestruck/Pods-Financestruck-frameworks-${CONFIGURATION}-input-files.xcfilelist",
			);
			name = "[CP] Embed Pods Frameworks";
			outputFileListPaths = (
				"${PODS_ROOT}/Target Support Files/Pods-Financestruck/Pods-Financestruck-frameworks-${CONFIGURATION}-output-files.xcfilelist",
			);
			runOnlyForDeploymentPostprocessing = 0;
			shellPath = /bin/sh;
			shellScript = "\"${PODS_ROOT}/Target Support Files/Pods-Financestruck/Pods-Financestruck-frameworks.sh\"\n";
			showEnvVarsInLog = 0;
		};
/* End PBXShellScriptBuildPhase section */

/* Begin PBXSourcesBuildPhase section */
		50CD20F8237AF0ED0084DFDC /* Sources */ = {
			isa = PBXSourcesBuildPhase;
			buildActionMask = 2147483647;
			files = (
				50CD2104237AF0ED0084DFDC /* ViewController.swift in Sources */,
				50CD2100237AF0ED0084DFDC /* AppDelegate.swift in Sources */,
			);
			runOnlyForDeploymentPostprocessing = 0;
		};
/* End PBXSourcesBuildPhase section */

/* Begin PBXVariantGroup section */
		50CD2105237AF0ED0084DFDC /* Main.storyboard */ = {
			isa = PBXVariantGroup;
			children = (
				50CD2106237AF0ED0084DFDC /* Base */,
			);
			name = Main.storyboard;
			sourceTree = "<group>";
		};
		50CD210A237AF0F10084DFDC /* LaunchScreen.storyboard */ = {
			isa = PBXVariantGroup;
			children = (
				50CD210B237AF0F10084DFDC /* Base */,
			);
			name = LaunchScreen.storyboard;
			sourceTree = "<group>";
		};
/* End PBXVariantGroup section */

/* Begin XCBuildConfiguration section */
		50CD210E237AF0F10084DFDC /* Debug */ = {
			isa = XCBuildConfiguration;
			buildSettings = {
				ALWAYS_SEARCH_USER_PATHS = NO;
				CLANG_ANALYZER_NONNULL = YES;
				CLANG_ANALYZER_NUMBER_OBJECT_CONVERSION = YES_AGGRESSIVE;
				CLANG_CXX_LANGUAGE_STANDARD = "gnu++14";
				CLANG_CXX_LIBRARY = "libc++";
				CLANG_ENABLE_MODULES = YES;
				CLANG_ENABLE_OBJC_ARC = YES;
				CLANG_ENABLE_OBJC_WEAK = YES;
				CLANG_WARN_BLOCK_CAPTURE_AUTORELEASING = YES;
				CLANG_WARN_BOOL_CONVERSION = YES;
				CLANG_WARN_COMMA = YES;
				CLANG_WARN_CONSTANT_CONVERSION = YES;
				CLANG_WARN_DEPRECATED_OBJC_IMPLEMENTATIONS = YES;
				CLANG_WARN_DIRECT_OBJC_ISA_USAGE = YES_ERROR;
				CLANG_WARN_DOCUMENTATION_COMMENTS = YES;
				CLANG_WARN_EMPTY_BODY = YES;
				CLANG_WARN_ENUM_CONVERSION = YES;
				CLANG_WARN_INFINITE_RECURSION = YES;
				CLANG_WARN_INT_CONVERSION = YES;
				CLANG_WARN_NON_LITERAL_NULL_CONVERSION = YES;
				CLANG_WARN_OBJC_IMPLICIT_RETAIN_SELF = YES;
				CLANG_WARN_OBJC_LITERAL_CONVERSION = YES;
				CLANG_WARN_OBJC_ROOT_CLASS = YES_ERROR;
				CLANG_WARN_RANGE_LOOP_ANALYSIS = YES;
				CLANG_WARN_STRICT_PROTOTYPES = YES;
				CLANG_WARN_SUSPICIOUS_MOVE = YES;
				CLANG_WARN_UNGUARDED_AVAILABILITY = YES_AGGRESSIVE;
				CLANG_WARN_UNREACHABLE_CODE = YES;
				CLANG_WARN__DUPLICATE_METHOD_MATCH = YES;
				COPY_PHASE_STRIP = NO;
				DEBUG_INFORMATION_FORMAT = dwarf;
				ENABLE_STRICT_OBJC_MSGSEND = YES;
				ENABLE_TESTABILITY = YES;
				GCC_C_LANGUAGE_STANDARD = gnu11;
				GCC_DYNAMIC_NO_PIC = NO;
				GCC_NO_COMMON_BLOCKS = YES;
				GCC_OPTIMIZATION_LEVEL = 0;
				GCC_PREPROCESSOR_DEFINITIONS = (
					"DEBUG=1",
					"$(inherited)",
				);
				GCC_WARN_64_TO_32_BIT_CONVERSION = YES;
				GCC_WARN_ABOUT_RETURN_TYPE = YES_ERROR;
				GCC_WARN_UNDECLARED_SELECTOR = YES;
				GCC_WARN_UNINITIALIZED_AUTOS = YES_AGGRESSIVE;
				GCC_WARN_UNUSED_FUNCTION = YES;
				GCC_WARN_UNUSED_VARIABLE = YES;
				IPHONEOS_DEPLOYMENT_TARGET = 12.4;
				MTL_ENABLE_DEBUG_INFO = INCLUDE_SOURCE;
				MTL_FAST_MATH = YES;
				ONLY_ACTIVE_ARCH = YES;
				SDKROOT = iphoneos;
				SWIFT_ACTIVE_COMPILATION_CONDITIONS = DEBUG;
				SWIFT_OPTIMIZATION_LEVEL = "-Onone";
			};
			name = Debug;
		};
		50CD210F237AF0F10084DFDC /* Release */ = {
			isa = XCBuildConfiguration;
			buildSettings = {
				ALWAYS_SEARCH_USER_PATHS = NO;
				CLANG_ANALYZER_NONNULL = YES;
				CLANG_ANALYZER_NUMBER_OBJECT_CONVERSION = YES_AGGRESSIVE;
				CLANG_CXX_LANGUAGE_STANDARD = "gnu++14";
				CLANG_CXX_LIBRARY = "libc++";
				CLANG_ENABLE_MODULES = YES;
				CLANG_ENABLE_OBJC_ARC = YES;
				CLANG_ENABLE_OBJC_WEAK = YES;
				CLANG_WARN_BLOCK_CAPTURE_AUTORELEASING = YES;
				CLANG_WARN_BOOL_CONVERSION = YES;
				CLANG_WARN_COMMA = YES;
				CLANG_WARN_CONSTANT_CONVERSION = YES;
				CLANG_WARN_DEPRECATED_OBJC_IMPLEMENTATIONS = YES;
				CLANG_WARN_DIRECT_OBJC_ISA_USAGE = YES_ERROR;
				CLANG_WARN_DOCUMENTATION_COMMENTS = YES;
				CLANG_WARN_EMPTY_BODY = YES;
				CLANG_WARN_ENUM_CONVERSION = YES;
				CLANG_WARN_INFINITE_RECURSION = YES;
				CLANG_WARN_INT_CONVERSION = YES;
				CLANG_WARN_NON_LITERAL_NULL_CONVERSION = YES;
				CLANG_WARN_OBJC_IMPLICIT_RETAIN_SELF = YES;
				CLANG_WARN_OBJC_LITERAL_CONVERSION = YES;
				CLANG_WARN_OBJC_ROOT_CLASS = YES_ERROR;
				CLANG_WARN_RANGE_LOOP_ANALYSIS = YES;
				CLANG_WARN_STRICT_PROTOTYPES = YES;
				CLANG_WARN_SUSPICIOUS_MOVE = YES;
				CLANG_WARN_UNGUARDED_AVAILABILITY = YES_AGGRESSIVE;
				CLANG_WARN_UNREACHABLE_CODE = YES;
				CLANG_WARN__DUPLICATE_METHOD_MATCH = YES;
				COPY_PHASE_STRIP = NO;
				DEBUG_INFORMATION_FORMAT = "dwarf-with-dsym";
				ENABLE_NS_ASSERTIONS = NO;
				ENABLE_STRICT_OBJC_MSGSEND = YES;
				GCC_C_LANGUAGE_STANDARD = gnu11;
				GCC_NO_COMMON_BLOCKS = YES;
				GCC_WARN_64_TO_32_BIT_CONVERSION = YES;
				GCC_WARN_ABOUT_RETURN_TYPE = YES_ERROR;
				GCC_WARN_UNDECLARED_SELECTOR = YES;
				GCC_WARN_UNINITIALIZED_AUTOS = YES_AGGRESSIVE;
				GCC_WARN_UNUSED_FUNCTION = YES;
				GCC_WARN_UNUSED_VARIABLE = YES;
				IPHONEOS_DEPLOYMENT_TARGET = 12.4;
				MTL_ENABLE_DEBUG_INFO = NO;
				MTL_FAST_MATH = YES;
				SDKROOT = iphoneos;
				SWIFT_COMPILATION_MODE = wholemodule;
				SWIFT_OPTIMIZATION_LEVEL = "-O";
				VALIDATE_PRODUCT = YES;
			};
			name = Release;
		};
		50CD2111237AF0F10084DFDC /* Debug */ = {
			isa = XCBuildConfiguration;
			baseConfigurationReference = DD7EC3476AF117E958E60202 /* Pods-Financestruck.debug.xcconfig */;
			buildSettings = {
				ASSETCATALOG_COMPILER_APPICON_NAME = AppIcon;
				CODE_SIGN_STYLE = Automatic;
				DEVELOPMENT_TEAM = GL9F4DL9W9;
				INFOPLIST_FILE = Financestruck/Info.plist;
				LD_RUNPATH_SEARCH_PATHS = (
					"$(inherited)",
					"@executable_path/Frameworks",
				);
				PRODUCT_BUNDLE_IDENTIFIER = com.github.rozd.financestruck;
				PRODUCT_NAME = "$(TARGET_NAME)";
				SWIFT_VERSION = 5.0;
				TARGETED_DEVICE_FAMILY = "1,2";
			};
			name = Debug;
		};
		50CD2112237AF0F10084DFDC /* Release */ = {
			isa = XCBuildConfiguration;
			baseConfigurationReference = AFB12FDBA057FAFC6136841E /* Pods-Financestruck.release.xcconfig */;
			buildSettings = {
				ASSETCATALOG_COMPILER_APPICON_NAME = AppIcon;
				CODE_SIGN_STYLE = Automatic;
				DEVELOPMENT_TEAM = GL9F4DL9W9;
				INFOPLIST_FILE = Financestruck/Info.plist;
				LD_RUNPATH_SEARCH_PATHS = (
					"$(inherited)",
					"@executable_path/Frameworks",
				);
				PRODUCT_BUNDLE_IDENTIFIER = com.github.rozd.financestruck;
				PRODUCT_NAME = "$(TARGET_NAME)";
				SWIFT_VERSION = 5.0;
				TARGETED_DEVICE_FAMILY = "1,2";
			};
			name = Release;
		};
/* End XCBuildConfiguration section */

/* Begin XCConfigurationList section */
		50CD20F7237AF0ED0084DFDC /* Build configuration list for PBXProject "Financestruck" */ = {
			isa = XCConfigurationList;
			buildConfigurations = (
				50CD210E237AF0F10084DFDC /* Debug */,
				50CD210F237AF0F10084DFDC /* Release */,
			);
			defaultConfigurationIsVisible = 0;
			defaultConfigurationName = Release;
		};
		50CD2110237AF0F10084DFDC /* Build configuration list for PBXNativeTarget "Financestruck" */ = {
			isa = XCConfigurationList;
			buildConfigurations = (
				50CD2111237AF0F10084DFDC /* Debug */,
				50CD2112237AF0F10084DFDC /* Release */,
			);
			defaultConfigurationIsVisible = 0;
			defaultConfigurationName = Release;
		};
/* End XCConfigurationList section */
	};
	rootObject = 50CD20F4237AF0ED0084DFDC /* Project object */;
}
